
Microsoft Visual Studio Solution File, Format Version 12.00
# Visual Studio Version 17
VisualStudioVersion = 17.0.31612.314
MinimumVisualStudioVersion = 10.0.40219.1
Project("{FAE04EC0-301F-11D3-BF4B-00C04F79EFBC}") = "EncryptAndDecrypt", "EncryptAndDecrypt\EncryptAndDecrypt.csproj", "{47673C39-6D71-4382-A019-57AD7AA8DF86}"
EndProject
Project("{FAE04EC0-301F-11D3-BF4B-00C04F79EFBC}") = "EncryptAndDecryptConsole", "EncryptAndDecryptConsole\EncryptAndDecryptConsole.csproj", "{EB61491F-3BD6-4F82-96EE-8515B8843997}"
EndProject
Project("{FAE04EC0-301F-11D3-BF4B-00C04F79EFBC}") = "EncryptAndDecrypt.Test", "EncryptAndDecrypt.Test\EncryptAndDecrypt.Test.csproj", "{7D62B77F-04F3-4836-ADCA-F116F260AA42}"
EndProject
Global
	GlobalSection(SolutionConfigurationPlatforms) = preSolution
		Debug|Any CPU = Debug|Any CPU
		Release|Any CPU = Release|Any CPU
	EndGlobalSection
	GlobalSection(ProjectConfigurationPlatforms) = postSolution
		{47673C39-6D71-4382-A019-57AD7AA8DF86}.Debug|Any CPU.ActiveCfg = Debug|Any CPU
		{47673C39-6D71-4382-A019-57AD7AA8DF86}.Debug|Any CPU.Build.0 = Debug|Any CPU
		{47673C39-6D71-4382-A019-57AD7AA8DF86}.Release|Any CPU.ActiveCfg = Release|Any CPU
		{47673C39-6D71-4382-A019-57AD7AA8DF86}.Release|Any CPU.Build.0 = Release|Any CPU
		{EB61491F-3BD6-4F82-96EE-8515B8843997}.Debug|Any CPU.ActiveCfg = Debug|Any CPU
		{EB61491F-3BD6-4F82-96EE-8515B8843997}.Debug|Any CPU.Build.0 = Debug|Any CPU
		{EB61491F-3BD6-4F82-96EE-8515B8843997}.Release|Any CPU.ActiveCfg = Release|Any CPU
		{EB61491F-3BD6-4F82-96EE-8515B8843997}.Release|Any CPU.Build.0 = Release|Any CPU
		{7D62B77F-04F3-4836-ADCA-F116F260AA42}.Debug|Any CPU.ActiveCfg = Debug|Any CPU
		{7D62B77F-04F3-4836-ADCA-F116F260AA42}.Debug|Any CPU.Build.0 = Debug|Any CPU
		{7D62B77F-04F3-4836-ADCA-F116F260AA42}.Release|Any CPU.ActiveCfg = Release|Any CPU
		{7D62B77F-04F3-4836-ADCA-F116F260AA42}.Release|Any CPU.Build.0 = Release|Any CPU
	EndGlobalSection
	GlobalSection(SolutionProperties) = preSolution
		HideSolutionNode = FALSE
	EndGlobalSection
	GlobalSection(ExtensibilityGlobals) = postSolution
		SolutionGuid = {12E55F1D-EDA1-41EB-9F30-B84F6DBBFB8B}
	EndGlobalSection
EndGlobal
